
Microsoft Visual Studio Solution File, Format Version 12.00
# Visual Studio 15
VisualStudioVersion = 15.0.27130.2027
MinimumVisualStudioVersion = 10.0.40219.1
Project("{8BC9CEB8-8B4A-11D0-8D11-00A0C91BC942}") = "Programowanie_obiektowe", "Programowanie_obiektowe\Programowanie_obiektowe.vcxproj", "{21143874-1962-4406-B4EE-08DC8CBCED75}"
EndProject
Global
	GlobalSection(SolutionConfigurationPlatforms) = preSolution
		Debug|x64 = Debug|x64
		Debug|x86 = Debug|x86
		Release|x64 = Release|x64
		Release|x86 = Release|x86
	EndGlobalSection
	GlobalSection(ProjectConfigurationPlatforms) = postSolution
		{21143874-1962-4406-B4EE-08DC8CBCED75}.Debug|x64.ActiveCfg = Debug|x64
		{21143874-1962-4406-B4EE-08DC8CBCED75}.Debug|x64.Build.0 = Debug|x64
		{21143874-1962-4406-B4EE-08DC8CBCED75}.Debug|x86.ActiveCfg = Debug|Win32
		{21143874-1962-4406-B4EE-08DC8CBCED75}.Debug|x86.Build.0 = Debug|Win32
		{21143874-1962-4406-B4EE-08DC8CBCED75}.Release|x64.ActiveCfg = Release|x64
		{21143874-1962-4406-B4EE-08DC8CBCED75}.Release|x64.Build.0 = Release|x64
		{21143874-1962-4406-B4EE-08DC8CBCED75}.Release|x86.ActiveCfg = Release|Win32
		{21143874-1962-4406-B4EE-08DC8CBCED75}.Release|x86.Build.0 = Release|Win32
	EndGlobalSection
	GlobalSection(SolutionProperties) = preSolution
		HideSolutionNode = FALSE
	EndGlobalSection
	GlobalSection(ExtensibilityGlobals) = postSolution
		SolutionGuid = {B0EF2885-1F20-4F21-BDDC-EBCB22395418}
	EndGlobalSection
EndGlobal
